
Microsoft Visual Studio Solution File, Format Version 12.00
# Visual Studio 15
VisualStudioVersion = 15.0.27703.2035
MinimumVisualStudioVersion = 10.0.40219.1
Project("{FAE04EC0-301F-11D3-BF4B-00C04F79EFBC}") = "StackPanel", "WPF\StackPanel.csproj", "{D6E16704-21BE-4F12-A47F-F995E3F9F87D}"
EndProject
Project("{FAE04EC0-301F-11D3-BF4B-00C04F79EFBC}") = "Border", "Border\Border.csproj", "{E9353EF9-7A2F-4B12-8EEE-1DF7FDF5BC5A}"
EndProject
Project("{FAE04EC0-301F-11D3-BF4B-00C04F79EFBC}") = "DockPanel", "DockPanel\DockPanel.csproj", "{76913CF3-A3F6-403F-9BAF-9D573168BD60}"
EndProject
Project("{FAE04EC0-301F-11D3-BF4B-00C04F79EFBC}") = "20180620", "20180620\20180620.csproj", "{AC9B7E30-70D7-4BF0-827A-D2FA4FACE3DB}"
EndProject
Project("{FAE04EC0-301F-11D3-BF4B-00C04F79EFBC}") = "20180625", "20180625\20180625.csproj", "{42251A00-C6D9-440D-8EF4-A9D6B0BD113F}"
EndProject
Project("{FAE04EC0-301F-11D3-BF4B-00C04F79EFBC}") = "20180626", "20180626\20180626.csproj", "{655DDC4D-3A61-43F5-BE9C-0163DC31E442}"
EndProject
Project("{FAE04EC0-301F-11D3-BF4B-00C04F79EFBC}") = "WrapPanel", "WrapPanel\WrapPanel.csproj", "{F0722980-2FE0-45F0-9AEA-9C7B7B75ADA7}"
EndProject
Project("{FAE04EC0-301F-11D3-BF4B-00C04F79EFBC}") = "DockPanel AND StackPanel", "DockPanel AND StackPanel\DockPanel AND StackPanel.csproj", "{7EAFD949-279E-4D92-9804-19DA6308C976}"
EndProject
Project("{FAE04EC0-301F-11D3-BF4B-00C04F79EFBC}") = "Grid", "Grid\Grid.csproj", "{E6D9D97E-4B13-4745-99FE-949F9C3C7EF6}"
EndProject
Project("{2150E333-8FDC-42A3-9474-1A3956D46DE8}") = "面板範例", "面板範例", "{27652D9E-D767-4B0B-8F0E-FBC12442FC1A}"
EndProject
Project("{FAE04EC0-301F-11D3-BF4B-00C04F79EFBC}") = "Canvas", "Canvas\Canvas.csproj", "{63819179-BA98-498E-AEBB-C81754445F41}"
EndProject
Project("{2150E333-8FDC-42A3-9474-1A3956D46DE8}") = "路由事件", "路由事件", "{3DD19B55-7DC0-4726-B81B-5BB4D16202C2}"
EndProject
Project("{FAE04EC0-301F-11D3-BF4B-00C04F79EFBC}") = "冒泡路由", "冒泡路由\冒泡路由.csproj", "{9B42CA2C-7D6B-4811-8646-105BA108C949}"
EndProject
Project("{FAE04EC0-301F-11D3-BF4B-00C04F79EFBC}") = "鍵盤按鍵事件", "鍵盤按鍵事件\鍵盤按鍵事件.csproj", "{2F0E8B01-6371-4062-8557-2C7740A08869}"
EndProject
Project("{FAE04EC0-301F-11D3-BF4B-00C04F79EFBC}") = "移動旋轉縮放", "移動旋轉縮放\移動旋轉縮放.csproj", "{9D90186D-85B3-46EE-AF49-E4DF0856C130}"
EndProject
Project("{2150E333-8FDC-42A3-9474-1A3956D46DE8}") = "元件", "元件", "{7CB18FC6-FCC5-4FAA-936C-EE42DF193B3A}"
EndProject
Project("{FAE04EC0-301F-11D3-BF4B-00C04F79EFBC}") = "背景畫刷和前景畫刷", "背景畫刷和前景畫刷\背景畫刷和前景畫刷.csproj", "{66F97AED-3B21-4A8D-81A0-647627558EE0}"
EndProject
Project("{FAE04EC0-301F-11D3-BF4B-00C04F79EFBC}") = "字體", "字體\字體.csproj", "{44E1C01E-D5CA-49DE-81D9-096C3C5B9B31}"
EndProject
Project("{FAE04EC0-301F-11D3-BF4B-00C04F79EFBC}") = "鼠標樣式", "鼠標樣式\鼠標樣式.csproj", "{91AE530E-968A-432B-8B8D-E04D77E36F13}"
EndProject
Project("{FAE04EC0-301F-11D3-BF4B-00C04F79EFBC}") = "按鈕裡面可放元件", "按鈕裡面可放元件\按鈕裡面可放元件.csproj", "{D9A2BFF5-AECD-40B9-91EA-7F450F0667D6}"
EndProject
Project("{FAE04EC0-301F-11D3-BF4B-00C04F79EFBC}") = "標籤(Label)", "標籤(Label)\標籤(Label).csproj", "{A63AF719-9248-4455-ADDF-7F201A09B1F1}"
EndProject
Project("{FAE04EC0-301F-11D3-BF4B-00C04F79EFBC}") = "Button CheckBox RadioButton", "Button CheckBox RadioButton\Button CheckBox RadioButton.csproj", "{16DD6874-61C8-4E1F-914B-2542433B0165}"
EndProject
Global
	GlobalSection(SolutionConfigurationPlatforms) = preSolution
		Debug|Any CPU = Debug|Any CPU
		Release|Any CPU = Release|Any CPU
	EndGlobalSection
	GlobalSection(ProjectConfigurationPlatforms) = postSolution
		{D6E16704-21BE-4F12-A47F-F995E3F9F87D}.Debug|Any CPU.ActiveCfg = Debug|Any CPU
		{D6E16704-21BE-4F12-A47F-F995E3F9F87D}.Debug|Any CPU.Build.0 = Debug|Any CPU
		{D6E16704-21BE-4F12-A47F-F995E3F9F87D}.Release|Any CPU.ActiveCfg = Release|Any CPU
		{D6E16704-21BE-4F12-A47F-F995E3F9F87D}.Release|Any CPU.Build.0 = Release|Any CPU
		{E9353EF9-7A2F-4B12-8EEE-1DF7FDF5BC5A}.Debug|Any CPU.ActiveCfg = Debug|Any CPU
		{E9353EF9-7A2F-4B12-8EEE-1DF7FDF5BC5A}.Debug|Any CPU.Build.0 = Debug|Any CPU
		{E9353EF9-7A2F-4B12-8EEE-1DF7FDF5BC5A}.Release|Any CPU.ActiveCfg = Release|Any CPU
		{E9353EF9-7A2F-4B12-8EEE-1DF7FDF5BC5A}.Release|Any CPU.Build.0 = Release|Any CPU
		{76913CF3-A3F6-403F-9BAF-9D573168BD60}.Debug|Any CPU.ActiveCfg = Debug|Any CPU
		{76913CF3-A3F6-403F-9BAF-9D573168BD60}.Debug|Any CPU.Build.0 = Debug|Any CPU
		{76913CF3-A3F6-403F-9BAF-9D573168BD60}.Release|Any CPU.ActiveCfg = Release|Any CPU
		{76913CF3-A3F6-403F-9BAF-9D573168BD60}.Release|Any CPU.Build.0 = Release|Any CPU
		{AC9B7E30-70D7-4BF0-827A-D2FA4FACE3DB}.Debug|Any CPU.ActiveCfg = Debug|Any CPU
		{AC9B7E30-70D7-4BF0-827A-D2FA4FACE3DB}.Debug|Any CPU.Build.0 = Debug|Any CPU
		{AC9B7E30-70D7-4BF0-827A-D2FA4FACE3DB}.Release|Any CPU.ActiveCfg = Release|Any CPU
		{AC9B7E30-70D7-4BF0-827A-D2FA4FACE3DB}.Release|Any CPU.Build.0 = Release|Any CPU
		{42251A00-C6D9-440D-8EF4-A9D6B0BD113F}.Debug|Any CPU.ActiveCfg = Debug|Any CPU
		{42251A00-C6D9-440D-8EF4-A9D6B0BD113F}.Debug|Any CPU.Build.0 = Debug|Any CPU
		{42251A00-C6D9-440D-8EF4-A9D6B0BD113F}.Release|Any CPU.ActiveCfg = Release|Any CPU
		{42251A00-C6D9-440D-8EF4-A9D6B0BD113F}.Release|Any CPU.Build.0 = Release|Any CPU
		{655DDC4D-3A61-43F5-BE9C-0163DC31E442}.Debug|Any CPU.ActiveCfg = Debug|Any CPU
		{655DDC4D-3A61-43F5-BE9C-0163DC31E442}.Debug|Any CPU.Build.0 = Debug|Any CPU
		{655DDC4D-3A61-43F5-BE9C-0163DC31E442}.Release|Any CPU.ActiveCfg = Release|Any CPU
		{655DDC4D-3A61-43F5-BE9C-0163DC31E442}.Release|Any CPU.Build.0 = Release|Any CPU
		{F0722980-2FE0-45F0-9AEA-9C7B7B75ADA7}.Debug|Any CPU.ActiveCfg = Debug|Any CPU
		{F0722980-2FE0-45F0-9AEA-9C7B7B75ADA7}.Debug|Any CPU.Build.0 = Debug|Any CPU
		{F0722980-2FE0-45F0-9AEA-9C7B7B75ADA7}.Release|Any CPU.ActiveCfg = Release|Any CPU
		{F0722980-2FE0-45F0-9AEA-9C7B7B75ADA7}.Release|Any CPU.Build.0 = Release|Any CPU
		{7EAFD949-279E-4D92-9804-19DA6308C976}.Debug|Any CPU.ActiveCfg = Debug|Any CPU
		{7EAFD949-279E-4D92-9804-19DA6308C976}.Debug|Any CPU.Build.0 = Debug|Any CPU
		{7EAFD949-279E-4D92-9804-19DA6308C976}.Release|Any CPU.ActiveCfg = Release|Any CPU
		{7EAFD949-279E-4D92-9804-19DA6308C976}.Release|Any CPU.Build.0 = Release|Any CPU
		{E6D9D97E-4B13-4745-99FE-949F9C3C7EF6}.Debug|Any CPU.ActiveCfg = Debug|Any CPU
		{E6D9D97E-4B13-4745-99FE-949F9C3C7EF6}.Debug|Any CPU.Build.0 = Debug|Any CPU
		{E6D9D97E-4B13-4745-99FE-949F9C3C7EF6}.Release|Any CPU.ActiveCfg = Release|Any CPU
		{E6D9D97E-4B13-4745-99FE-949F9C3C7EF6}.Release|Any CPU.Build.0 = Release|Any CPU
		{63819179-BA98-498E-AEBB-C81754445F41}.Debug|Any CPU.ActiveCfg = Debug|Any CPU
		{63819179-BA98-498E-AEBB-C81754445F41}.Debug|Any CPU.Build.0 = Debug|Any CPU
		{63819179-BA98-498E-AEBB-C81754445F41}.Release|Any CPU.ActiveCfg = Release|Any CPU
		{63819179-BA98-498E-AEBB-C81754445F41}.Release|Any CPU.Build.0 = Release|Any CPU
		{9B42CA2C-7D6B-4811-8646-105BA108C949}.Debug|Any CPU.ActiveCfg = Debug|Any CPU
		{9B42CA2C-7D6B-4811-8646-105BA108C949}.Debug|Any CPU.Build.0 = Debug|Any CPU
		{9B42CA2C-7D6B-4811-8646-105BA108C949}.Release|Any CPU.ActiveCfg = Release|Any CPU
		{9B42CA2C-7D6B-4811-8646-105BA108C949}.Release|Any CPU.Build.0 = Release|Any CPU
		{2F0E8B01-6371-4062-8557-2C7740A08869}.Debug|Any CPU.ActiveCfg = Debug|Any CPU
		{2F0E8B01-6371-4062-8557-2C7740A08869}.Debug|Any CPU.Build.0 = Debug|Any CPU
		{2F0E8B01-6371-4062-8557-2C7740A08869}.Release|Any CPU.ActiveCfg = Release|Any CPU
		{2F0E8B01-6371-4062-8557-2C7740A08869}.Release|Any CPU.Build.0 = Release|Any CPU
		{9D90186D-85B3-46EE-AF49-E4DF0856C130}.Debug|Any CPU.ActiveCfg = Debug|Any CPU
		{9D90186D-85B3-46EE-AF49-E4DF0856C130}.Debug|Any CPU.Build.0 = Debug|Any CPU
		{9D90186D-85B3-46EE-AF49-E4DF0856C130}.Release|Any CPU.ActiveCfg = Release|Any CPU
		{9D90186D-85B3-46EE-AF49-E4DF0856C130}.Release|Any CPU.Build.0 = Release|Any CPU
		{66F97AED-3B21-4A8D-81A0-647627558EE0}.Debug|Any CPU.ActiveCfg = Debug|Any CPU
		{66F97AED-3B21-4A8D-81A0-647627558EE0}.Debug|Any CPU.Build.0 = Debug|Any CPU
		{66F97AED-3B21-4A8D-81A0-647627558EE0}.Release|Any CPU.ActiveCfg = Release|Any CPU
		{66F97AED-3B21-4A8D-81A0-647627558EE0}.Release|Any CPU.Build.0 = Release|Any CPU
		{44E1C01E-D5CA-49DE-81D9-096C3C5B9B31}.Debug|Any CPU.ActiveCfg = Debug|Any CPU
		{44E1C01E-D5CA-49DE-81D9-096C3C5B9B31}.Debug|Any CPU.Build.0 = Debug|Any CPU
		{44E1C01E-D5CA-49DE-81D9-096C3C5B9B31}.Release|Any CPU.ActiveCfg = Release|Any CPU
		{44E1C01E-D5CA-49DE-81D9-096C3C5B9B31}.Release|Any CPU.Build.0 = Release|Any CPU
		{91AE530E-968A-432B-8B8D-E04D77E36F13}.Debug|Any CPU.ActiveCfg = Debug|Any CPU
		{91AE530E-968A-432B-8B8D-E04D77E36F13}.Debug|Any CPU.Build.0 = Debug|Any CPU
		{91AE530E-968A-432B-8B8D-E04D77E36F13}.Release|Any CPU.ActiveCfg = Release|Any CPU
		{91AE530E-968A-432B-8B8D-E04D77E36F13}.Release|Any CPU.Build.0 = Release|Any CPU
		{D9A2BFF5-AECD-40B9-91EA-7F450F0667D6}.Debug|Any CPU.ActiveCfg = Debug|Any CPU
		{D9A2BFF5-AECD-40B9-91EA-7F450F0667D6}.Debug|Any CPU.Build.0 = Debug|Any CPU
		{D9A2BFF5-AECD-40B9-91EA-7F450F0667D6}.Release|Any CPU.ActiveCfg = Release|Any CPU
		{D9A2BFF5-AECD-40B9-91EA-7F450F0667D6}.Release|Any CPU.Build.0 = Release|Any CPU
		{A63AF719-9248-4455-ADDF-7F201A09B1F1}.Debug|Any CPU.ActiveCfg = Debug|Any CPU
		{A63AF719-9248-4455-ADDF-7F201A09B1F1}.Debug|Any CPU.Build.0 = Debug|Any CPU
		{A63AF719-9248-4455-ADDF-7F201A09B1F1}.Release|Any CPU.ActiveCfg = Release|Any CPU
		{A63AF719-9248-4455-ADDF-7F201A09B1F1}.Release|Any CPU.Build.0 = Release|Any CPU
		{16DD6874-61C8-4E1F-914B-2542433B0165}.Debug|Any CPU.ActiveCfg = Debug|Any CPU
		{16DD6874-61C8-4E1F-914B-2542433B0165}.Debug|Any CPU.Build.0 = Debug|Any CPU
		{16DD6874-61C8-4E1F-914B-2542433B0165}.Release|Any CPU.ActiveCfg = Release|Any CPU
		{16DD6874-61C8-4E1F-914B-2542433B0165}.Release|Any CPU.Build.0 = Release|Any CPU
	EndGlobalSection
	GlobalSection(SolutionProperties) = preSolution
		HideSolutionNode = FALSE
	EndGlobalSection
	GlobalSection(NestedProjects) = preSolution
		{D6E16704-21BE-4F12-A47F-F995E3F9F87D} = {27652D9E-D767-4B0B-8F0E-FBC12442FC1A}
		{E9353EF9-7A2F-4B12-8EEE-1DF7FDF5BC5A} = {27652D9E-D767-4B0B-8F0E-FBC12442FC1A}
		{76913CF3-A3F6-403F-9BAF-9D573168BD60} = {27652D9E-D767-4B0B-8F0E-FBC12442FC1A}
		{F0722980-2FE0-45F0-9AEA-9C7B7B75ADA7} = {27652D9E-D767-4B0B-8F0E-FBC12442FC1A}
		{7EAFD949-279E-4D92-9804-19DA6308C976} = {27652D9E-D767-4B0B-8F0E-FBC12442FC1A}
		{E6D9D97E-4B13-4745-99FE-949F9C3C7EF6} = {27652D9E-D767-4B0B-8F0E-FBC12442FC1A}
		{63819179-BA98-498E-AEBB-C81754445F41} = {27652D9E-D767-4B0B-8F0E-FBC12442FC1A}
		{9B42CA2C-7D6B-4811-8646-105BA108C949} = {3DD19B55-7DC0-4726-B81B-5BB4D16202C2}
		{2F0E8B01-6371-4062-8557-2C7740A08869} = {3DD19B55-7DC0-4726-B81B-5BB4D16202C2}
		{9D90186D-85B3-46EE-AF49-E4DF0856C130} = {3DD19B55-7DC0-4726-B81B-5BB4D16202C2}
		{66F97AED-3B21-4A8D-81A0-647627558EE0} = {7CB18FC6-FCC5-4FAA-936C-EE42DF193B3A}
		{44E1C01E-D5CA-49DE-81D9-096C3C5B9B31} = {7CB18FC6-FCC5-4FAA-936C-EE42DF193B3A}
		{91AE530E-968A-432B-8B8D-E04D77E36F13} = {7CB18FC6-FCC5-4FAA-936C-EE42DF193B3A}
		{D9A2BFF5-AECD-40B9-91EA-7F450F0667D6} = {7CB18FC6-FCC5-4FAA-936C-EE42DF193B3A}
		{A63AF719-9248-4455-ADDF-7F201A09B1F1} = {7CB18FC6-FCC5-4FAA-936C-EE42DF193B3A}
		{16DD6874-61C8-4E1F-914B-2542433B0165} = {7CB18FC6-FCC5-4FAA-936C-EE42DF193B3A}
	EndGlobalSection
	GlobalSection(ExtensibilityGlobals) = postSolution
		SolutionGuid = {D8404DFD-10A4-41C3-A20C-A6D30A9D6E25}
	EndGlobalSection
EndGlobal
